
Microsoft Visual Studio Solution File, Format Version 12.00
# Visual Studio Version 16
VisualStudioVersion = 16.0.30225.117
MinimumVisualStudioVersion = 10.0.40219.1
Project("{FAE04EC0-301F-11D3-BF4B-00C04F79EFBC}") = "WebApplication1", "WebApplication1\WebApplication1.csproj", "{EE43C208-27C5-4F5A-940E-BAB877E9C6C8}"
EndProject
Global
	GlobalSection(SolutionConfigurationPlatforms) = preSolution
		Debug|Any CPU = Debug|Any CPU
		Release|Any CPU = Release|Any CPU
	EndGlobalSection
	GlobalSection(ProjectConfigurationPlatforms) = postSolution
		{EE43C208-27C5-4F5A-940E-BAB877E9C6C8}.Debug|Any CPU.ActiveCfg = Debug|Any CPU
		{EE43C208-27C5-4F5A-940E-BAB877E9C6C8}.Debug|Any CPU.Build.0 = Debug|Any CPU
		{EE43C208-27C5-4F5A-940E-BAB877E9C6C8}.Release|Any CPU.ActiveCfg = Release|Any CPU
		{EE43C208-27C5-4F5A-940E-BAB877E9C6C8}.Release|Any CPU.Build.0 = Release|Any CPU
	EndGlobalSection
	GlobalSection(SolutionProperties) = preSolution
		HideSolutionNode = FALSE
	EndGlobalSection
	GlobalSection(ExtensibilityGlobals) = postSolution
		SolutionGuid = {D3F781A0-2DDE-4937-AF76-5519650AD92E}
	EndGlobalSection
EndGlobal
